// !$*UTF8*$!
{
	archiveVersion = 1;
	classes = {
	};
	objectVersion = 50;
	objects = {

/* Begin PBXBuildFile section */
		887EDCB6247F9AE100CDFCA2 /* AppDelegate.swift in Sources */ = {isa = PBXBuildFile; fileRef = 887EDCB5247F9AE100CDFCA2 /* AppDelegate.swift */; };
		887EDCB8247F9AE100CDFCA2 /* SceneDelegate.swift in Sources */ = {isa = PBXBuildFile; fileRef = 887EDCB7247F9AE100CDFCA2 /* SceneDelegate.swift */; };
		887EDCBA247F9AE100CDFCA2 /* EmojiMemoryGameView.swift in Sources */ = {isa = PBXBuildFile; fileRef = 887EDCB9247F9AE100CDFCA2 /* EmojiMemoryGameView.swift */; };
		887EDCBC247F9AE400CDFCA2 /* Assets.xcassets in Resources */ = {isa = PBXBuildFile; fileRef = 887EDCBB247F9AE400CDFCA2 /* Assets.xcassets */; };
		887EDCBF247F9AE400CDFCA2 /* Preview Assets.xcassets in Resources */ = {isa = PBXBuildFile; fileRef = 887EDCBE247F9AE400CDFCA2 /* Preview Assets.xcassets */; };
		887EDCC2247F9AE400CDFCA2 /* LaunchScreen.storyboard in Resources */ = {isa = PBXBuildFile; fileRef = 887EDCC0247F9AE400CDFCA2 /* LaunchScreen.storyboard */; };
		887EDCCD247F9AE400CDFCA2 /* MemorizeTests.swift in Sources */ = {isa = PBXBuildFile; fileRef = 887EDCCC247F9AE400CDFCA2 /* MemorizeTests.swift */; };
		887EDCDA2480584C00CDFCA2 /* Array+Shuffle.swift in Sources */ = {isa = PBXBuildFile; fileRef = 887EDCD92480584C00CDFCA2 /* Array+Shuffle.swift */; };
		88A5664A2485328A00263A10 /* MemoryGame.swift in Sources */ = {isa = PBXBuildFile; fileRef = 88A566492485328A00263A10 /* MemoryGame.swift */; };
		88A5664C248532A800263A10 /* EmojiMemoryGame.swift in Sources */ = {isa = PBXBuildFile; fileRef = 88A5664B248532A800263A10 /* EmojiMemoryGame.swift */; };
		88A566582486DDB500263A10 /* GridLayout.swift in Sources */ = {isa = PBXBuildFile; fileRef = 88A566572486DDB500263A10 /* GridLayout.swift */; };
		88A5665A2486DF7000263A10 /* GridView.swift in Sources */ = {isa = PBXBuildFile; fileRef = 88A566592486DF7000263A10 /* GridView.swift */; };
		88A5665C2486E19300263A10 /* Array+Matching.swift in Sources */ = {isa = PBXBuildFile; fileRef = 88A5665B2486E19300263A10 /* Array+Matching.swift */; };
		88A5665E2486F1A900263A10 /* Array+Single.swift in Sources */ = {isa = PBXBuildFile; fileRef = 88A5665D2486F1A900263A10 /* Array+Single.swift */; };
		88A566602487927400263A10 /* Pie.swift in Sources */ = {isa = PBXBuildFile; fileRef = 88A5665F2487927400263A10 /* Pie.swift */; };
		88A566622487982100263A10 /* Cardify.swift in Sources */ = {isa = PBXBuildFile; fileRef = 88A566612487982100263A10 /* Cardify.swift */; };
/* End PBXBuildFile section */

/* Begin PBXContainerItemProxy section */
		887EDCC9247F9AE400CDFCA2 /* PBXContainerItemProxy */ = {
			isa = PBXContainerItemProxy;
			containerPortal = 887EDCAA247F9AE100CDFCA2 /* Project object */;
			proxyType = 1;
			remoteGlobalIDString = 887EDCB1247F9AE100CDFCA2;
			remoteInfo = Memorize;
		};
/* End PBXContainerItemProxy section */

/* Begin PBXFileReference section */
		887EDCB2247F9AE100CDFCA2 /* Memorize.app */ = {isa = PBXFileReference; explicitFileType = wrapper.application; includeInIndex = 0; path = Memorize.app; sourceTree = BUILT_PRODUCTS_DIR; };
		887EDCB5247F9AE100CDFCA2 /* AppDelegate.swift */ = {isa = PBXFileReference; lastKnownFileType = sourcecode.swift; path = AppDelegate.swift; sourceTree = "<group>"; };
		887EDCB7247F9AE100CDFCA2 /* SceneDelegate.swift */ = {isa = PBXFileReference; lastKnownFileType = sourcecode.swift; path = SceneDelegate.swift; sourceTree = "<group>"; };
		887EDCB9247F9AE100CDFCA2 /* EmojiMemoryGameView.swift */ = {isa = PBXFileReference; lastKnownFileType = sourcecode.swift; path = EmojiMemoryGameView.swift; sourceTree = "<group>"; };
		887EDCBB247F9AE400CDFCA2 /* Assets.xcassets */ = {isa = PBXFileReference; lastKnownFileType = folder.assetcatalog; path = Assets.xcassets; sourceTree = "<group>"; };
		887EDCBE247F9AE400CDFCA2 /* Preview Assets.xcassets */ = {isa = PBXFileReference; lastKnownFileType = folder.assetcatalog; path = "Preview Assets.xcassets"; sourceTree = "<group>"; };
		887EDCC1247F9AE400CDFCA2 /* Base */ = {isa = PBXFileReference; lastKnownFileType = file.storyboard; name = Base; path = Base.lproj/LaunchScreen.storyboard; sourceTree = "<group>"; };
		887EDCC3247F9AE400CDFCA2 /* Info.plist */ = {isa = PBXFileReference; lastKnownFileType = text.plist.xml; path = Info.plist; sourceTree = "<group>"; };
		887EDCC8247F9AE400CDFCA2 /* MemorizeTests.xctest */ = {isa = PBXFileReference; explicitFileType = wrapper.cfbundle; includeInIndex = 0; path = MemorizeTests.xctest; sourceTree = BUILT_PRODUCTS_DIR; };
		887EDCCC247F9AE400CDFCA2 /* MemorizeTests.swift */ = {isa = PBXFileReference; lastKnownFileType = sourcecode.swift; path = MemorizeTests.swift; sourceTree = "<group>"; };
		887EDCCE247F9AE400CDFCA2 /* Info.plist */ = {isa = PBXFileReference; lastKnownFileType = text.plist.xml; path = Info.plist; sourceTree = "<group>"; };
		887EDCD92480584C00CDFCA2 /* Array+Shuffle.swift */ = {isa = PBXFileReference; lastKnownFileType = sourcecode.swift; path = "Array+Shuffle.swift"; sourceTree = "<group>"; };
		88A566492485328A00263A10 /* MemoryGame.swift */ = {isa = PBXFileReference; lastKnownFileType = sourcecode.swift; path = MemoryGame.swift; sourceTree = "<group>"; };
		88A5664B248532A800263A10 /* EmojiMemoryGame.swift */ = {isa = PBXFileReference; lastKnownFileType = sourcecode.swift; path = EmojiMemoryGame.swift; sourceTree = "<group>"; };
		88A566572486DDB500263A10 /* GridLayout.swift */ = {isa = PBXFileReference; fileEncoding = 4; lastKnownFileType = sourcecode.swift; path = GridLayout.swift; sourceTree = "<group>"; };
		88A566592486DF7000263A10 /* GridView.swift */ = {isa = PBXFileReference; lastKnownFileType = sourcecode.swift; path = GridView.swift; sourceTree = "<group>"; };
		88A5665B2486E19300263A10 /* Array+Matching.swift */ = {isa = PBXFileReference; fileEncoding = 4; lastKnownFileType = sourcecode.swift; path = "Array+Matching.swift"; sourceTree = "<group>"; };
		88A5665D2486F1A900263A10 /* Array+Single.swift */ = {isa = PBXFileReference; fileEncoding = 4; lastKnownFileType = sourcecode.swift; path = "Array+Single.swift"; sourceTree = "<group>"; };
		88A5665F2487927400263A10 /* Pie.swift */ = {isa = PBXFileReference; lastKnownFileType = sourcecode.swift; path = Pie.swift; sourceTree = "<group>"; };
		88A566612487982100263A10 /* Cardify.swift */ = {isa = PBXFileReference; lastKnownFileType = sourcecode.swift; path = Cardify.swift; sourceTree = "<group>"; };
/* End PBXFileReference section */

/* Begin PBXFrameworksBuildPhase section */
		887EDCAF247F9AE100CDFCA2 /* Frameworks */ = {
			isa = PBXFrameworksBuildPhase;
			buildActionMask = 2147483647;
			files = (
			);
			runOnlyForDeploymentPostprocessing = 0;
		};
		887EDCC5247F9AE400CDFCA2 /* Frameworks */ = {
			isa = PBXFrameworksBuildPhase;
			buildActionMask = 2147483647;
			files = (
			);
			runOnlyForDeploymentPostprocessing = 0;
		};
/* End PBXFrameworksBuildPhase section */

/* Begin PBXGroup section */
		887EDCA9247F9AE100CDFCA2 = {
			isa = PBXGroup;
			children = (
				887EDCB4247F9AE100CDFCA2 /* Memorize */,
				887EDCCB247F9AE400CDFCA2 /* MemorizeTests */,
				887EDCB3247F9AE100CDFCA2 /* Products */,
			);
			sourceTree = "<group>";
		};
		887EDCB3247F9AE100CDFCA2 /* Products */ = {
			isa = PBXGroup;
			children = (
				887EDCB2247F9AE100CDFCA2 /* Memorize.app */,
				887EDCC8247F9AE400CDFCA2 /* MemorizeTests.xctest */,
			);
			name = Products;
			sourceTree = "<group>";
		};
		887EDCB4247F9AE100CDFCA2 /* Memorize */ = {
			isa = PBXGroup;
			children = (
				88A5664D24854B8F00263A10 /* ViewModel */,
				88A5664E24854BA000263A10 /* View */,
				88A5664F24854BB900263A10 /* Extensions */,
				88A5665024854BE000263A10 /* Support */,
				887EDCC3247F9AE400CDFCA2 /* Info.plist */,
				887EDCBD247F9AE400CDFCA2 /* Preview Content */,
			);
			path = Memorize;
			sourceTree = "<group>";
		};
		887EDCBD247F9AE400CDFCA2 /* Preview Content */ = {
			isa = PBXGroup;
			children = (
				887EDCBE247F9AE400CDFCA2 /* Preview Assets.xcassets */,
			);
			path = "Preview Content";
			sourceTree = "<group>";
		};
		887EDCCB247F9AE400CDFCA2 /* MemorizeTests */ = {
			isa = PBXGroup;
			children = (
				887EDCCC247F9AE400CDFCA2 /* MemorizeTests.swift */,
				887EDCCE247F9AE400CDFCA2 /* Info.plist */,
			);
			path = MemorizeTests;
			sourceTree = "<group>";
		};
		88A5664D24854B8F00263A10 /* ViewModel */ = {
			isa = PBXGroup;
			children = (
				88A566492485328A00263A10 /* MemoryGame.swift */,
				88A5664B248532A800263A10 /* EmojiMemoryGame.swift */,
			);
			path = ViewModel;
			sourceTree = "<group>";
		};
		88A5664E24854BA000263A10 /* View */ = {
			isa = PBXGroup;
			children = (
				887EDCB9247F9AE100CDFCA2 /* EmojiMemoryGameView.swift */,
				88A566592486DF7000263A10 /* GridView.swift */,
				88A566572486DDB500263A10 /* GridLayout.swift */,
				88A5665F2487927400263A10 /* Pie.swift */,
				88A566612487982100263A10 /* Cardify.swift */,
			);
			path = View;
			sourceTree = "<group>";
		};
		88A5664F24854BB900263A10 /* Extensions */ = {
			isa = PBXGroup;
			children = (
				887EDCD92480584C00CDFCA2 /* Array+Shuffle.swift */,
				88A5665B2486E19300263A10 /* Array+Matching.swift */,
				88A5665D2486F1A900263A10 /* Array+Single.swift */,
			);
			path = Extensions;
			sourceTree = "<group>";
		};
		88A5665024854BE000263A10 /* Support */ = {
			isa = PBXGroup;
			children = (
				887EDCB5247F9AE100CDFCA2 /* AppDelegate.swift */,
				887EDCB7247F9AE100CDFCA2 /* SceneDelegate.swift */,
				887EDCBB247F9AE400CDFCA2 /* Assets.xcassets */,
				887EDCC0247F9AE400CDFCA2 /* LaunchScreen.storyboard */,
			);
			path = Support;
			sourceTree = "<group>";
		};
/* End PBXGroup section */

/* Begin PBXNativeTarget section */
		887EDCB1247F9AE100CDFCA2 /* Memorize */ = {
			isa = PBXNativeTarget;
			buildConfigurationList = 887EDCD1247F9AE400CDFCA2 /* Build configuration list for PBXNativeTarget "Memorize" */;
			buildPhases = (
				887EDCAE247F9AE100CDFCA2 /* Sources */,
				887EDCAF247F9AE100CDFCA2 /* Frameworks */,
				887EDCB0247F9AE100CDFCA2 /* Resources */,
			);
			buildRules = (
			);
			dependencies = (
			);
			name = Memorize;
			productName = Memorize;
			productReference = 887EDCB2247F9AE100CDFCA2 /* Memorize.app */;
			productType = "com.apple.product-type.application";
		};
		887EDCC7247F9AE400CDFCA2 /* MemorizeTests */ = {
			isa = PBXNativeTarget;
			buildConfigurationList = 887EDCD4247F9AE400CDFCA2 /* Build configuration list for PBXNativeTarget "MemorizeTests" */;
			buildPhases = (
				887EDCC4247F9AE400CDFCA2 /* Sources */,
				887EDCC5247F9AE400CDFCA2 /* Frameworks */,
				887EDCC6247F9AE400CDFCA2 /* Resources */,
			);
			buildRules = (
			);
			dependencies = (
				887EDCCA247F9AE400CDFCA2 /* PBXTargetDependency */,
			);
			name = MemorizeTests;
			productName = MemorizeTests;
			productReference = 887EDCC8247F9AE400CDFCA2 /* MemorizeTests.xctest */;
			productType = "com.apple.product-type.bundle.unit-test";
		};
/* End PBXNativeTarget section */

/* Begin PBXProject section */
		887EDCAA247F9AE100CDFCA2 /* Project object */ = {
			isa = PBXProject;
			attributes = {
				LastSwiftUpdateCheck = 1140;
				LastUpgradeCheck = 1140;
				ORGANIZATIONNAME = gulnaz;
				TargetAttributes = {
					887EDCB1247F9AE100CDFCA2 = {
						CreatedOnToolsVersion = 11.4.1;
					};
					887EDCC7247F9AE400CDFCA2 = {
						CreatedOnToolsVersion = 11.4.1;
						TestTargetID = 887EDCB1247F9AE100CDFCA2;
					};
				};
			};
			buildConfigurationList = 887EDCAD247F9AE100CDFCA2 /* Build configuration list for PBXProject "Memorize" */;
			compatibilityVersion = "Xcode 9.3";
			developmentRegion = en;
			hasScannedForEncodings = 0;
			knownRegions = (
				en,
				Base,
			);
			mainGroup = 887EDCA9247F9AE100CDFCA2;
			productRefGroup = 887EDCB3247F9AE100CDFCA2 /* Products */;
			projectDirPath = "";
			projectRoot = "";
			targets = (
				887EDCB1247F9AE100CDFCA2 /* Memorize */,
				887EDCC7247F9AE400CDFCA2 /* MemorizeTests */,
			);
		};
/* End PBXProject section */

/* Begin PBXResourcesBuildPhase section */
		887EDCB0247F9AE100CDFCA2 /* Resources */ = {
			isa = PBXResourcesBuildPhase;
			buildActionMask = 2147483647;
			files = (
				887EDCC2247F9AE400CDFCA2 /* LaunchScreen.storyboard in Resources */,
				887EDCBF247F9AE400CDFCA2 /* Preview Assets.xcassets in Resources */,
				887EDCBC247F9AE400CDFCA2 /* Assets.xcassets in Resources */,
			);
			runOnlyForDeploymentPostprocessing = 0;
		};
		887EDCC6247F9AE400CDFCA2 /* Resources */ = {
			isa = PBXResourcesBuildPhase;
			buildActionMask = 2147483647;
			files = (
			);
			runOnlyForDeploymentPostprocessing = 0;
		};
/* End PBXResourcesBuildPhase section */

/* Begin PBXSourcesBuildPhase section */
		887EDCAE247F9AE100CDFCA2 /* Sources */ = {
			isa = PBXSourcesBuildPhase;
			buildActionMask = 2147483647;
			files = (
				88A5664A2485328A00263A10 /* MemoryGame.swift in Sources */,
				88A5664C248532A800263A10 /* EmojiMemoryGame.swift in Sources */,
				88A5665A2486DF7000263A10 /* GridView.swift in Sources */,
				88A5665E2486F1A900263A10 /* Array+Single.swift in Sources */,
				88A5665C2486E19300263A10 /* Array+Matching.swift in Sources */,
				887EDCB6247F9AE100CDFCA2 /* AppDelegate.swift in Sources */,
				88A566622487982100263A10 /* Cardify.swift in Sources */,
				887EDCDA2480584C00CDFCA2 /* Array+Shuffle.swift in Sources */,
				887EDCB8247F9AE100CDFCA2 /* SceneDelegate.swift in Sources */,
				88A566602487927400263A10 /* Pie.swift in Sources */,
				88A566582486DDB500263A10 /* GridLayout.swift in Sources */,
				887EDCBA247F9AE100CDFCA2 /* EmojiMemoryGameView.swift in Sources */,
			);
			runOnlyForDeploymentPostprocessing = 0;
		};
		887EDCC4247F9AE400CDFCA2 /* Sources */ = {
			isa = PBXSourcesBuildPhase;
			buildActionMask = 2147483647;
			files = (
				887EDCCD247F9AE400CDFCA2 /* MemorizeTests.swift in Sources */,
			);
			runOnlyForDeploymentPostprocessing = 0;
		};
/* End PBXSourcesBuildPhase section */

/* Begin PBXTargetDependency section */
		887EDCCA247F9AE400CDFCA2 /* PBXTargetDependency */ = {
			isa = PBXTargetDependency;
			target = 887EDCB1247F9AE100CDFCA2 /* Memorize */;
			targetProxy = 887EDCC9247F9AE400CDFCA2 /* PBXContainerItemProxy */;
		};
/* End PBXTargetDependency section */

/* Begin PBXVariantGroup section */
		887EDCC0247F9AE400CDFCA2 /* LaunchScreen.storyboard */ = {
			isa = PBXVariantGroup;
			children = (
				887EDCC1247F9AE400CDFCA2 /* Base */,
			);
			name = LaunchScreen.storyboard;
			sourceTree = "<group>";
		};
/* End PBXVariantGroup section */

/* Begin XCBuildConfiguration section */
		887EDCCF247F9AE400CDFCA2 /* Debug */ = {
			isa = XCBuildConfiguration;
			buildSettings = {
				ALWAYS_SEARCH_USER_PATHS = NO;
				CLANG_ANALYZER_NONNULL = YES;
				CLANG_ANALYZER_NUMBER_OBJECT_CONVERSION = YES_AGGRESSIVE;
				CLANG_CXX_LANGUAGE_STANDARD = "gnu++14";
				CLANG_CXX_LIBRARY = "libc++";
				CLANG_ENABLE_MODULES = YES;
				CLANG_ENABLE_OBJC_ARC = YES;
				CLANG_ENABLE_OBJC_WEAK = YES;
				CLANG_WARN_BLOCK_CAPTURE_AUTORELEASING = YES;
				CLANG_WARN_BOOL_CONVERSION = YES;
				CLANG_WARN_COMMA = YES;
				CLANG_WARN_CONSTANT_CONVERSION = YES;
				CLANG_WARN_DEPRECATED_OBJC_IMPLEMENTATIONS = YES;
				CLANG_WARN_DIRECT_OBJC_ISA_USAGE = YES_ERROR;
				CLANG_WARN_DOCUMENTATION_COMMENTS = YES;
				CLANG_WARN_EMPTY_BODY = YES;
				CLANG_WARN_ENUM_CONVERSION = YES;
				CLANG_WARN_INFINITE_RECURSION = YES;
				CLANG_WARN_INT_CONVERSION = YES;
				CLANG_WARN_NON_LITERAL_NULL_CONVERSION = YES;
				CLANG_WARN_OBJC_IMPLICIT_RETAIN_SELF = YES;
				CLANG_WARN_OBJC_LITERAL_CONVERSION = YES;
				CLANG_WARN_OBJC_ROOT_CLASS = YES_ERROR;
				CLANG_WARN_RANGE_LOOP_ANALYSIS = YES;
				CLANG_WARN_STRICT_PROTOTYPES = YES;
				CLANG_WARN_SUSPICIOUS_MOVE = YES;
				CLANG_WARN_UNGUARDED_AVAILABILITY = YES_AGGRESSIVE;
				CLANG_WARN_UNREACHABLE_CODE = YES;
				CLANG_WARN__DUPLICATE_METHOD_MATCH = YES;
				COPY_PHASE_STRIP = NO;
				DEBUG_INFORMATION_FORMAT = dwarf;
				ENABLE_STRICT_OBJC_MSGSEND = YES;
				ENABLE_TESTABILITY = YES;
				GCC_C_LANGUAGE_STANDARD = gnu11;
				GCC_DYNAMIC_NO_PIC = NO;
				GCC_NO_COMMON_BLOCKS = YES;
				GCC_OPTIMIZATION_LEVEL = 0;
				GCC_PREPROCESSOR_DEFINITIONS = (
					"DEBUG=1",
					"$(inherited)",
				);
				GCC_WARN_64_TO_32_BIT_CONVERSION = YES;
				GCC_WARN_ABOUT_RETURN_TYPE = YES_ERROR;
				GCC_WARN_UNDECLARED_SELECTOR = YES;
				GCC_WARN_UNINITIALIZED_AUTOS = YES_AGGRESSIVE;
				GCC_WARN_UNUSED_FUNCTION = YES;
				GCC_WARN_UNUSED_VARIABLE = YES;
				IPHONEOS_DEPLOYMENT_TARGET = 13.4;
				MTL_ENABLE_DEBUG_INFO = INCLUDE_SOURCE;
				MTL_FAST_MATH = YES;
				ONLY_ACTIVE_ARCH = YES;
				SDKROOT = iphoneos;
				SWIFT_ACTIVE_COMPILATION_CONDITIONS = DEBUG;
				SWIFT_OPTIMIZATION_LEVEL = "-Onone";
			};
			name = Debug;
		};
		887EDCD0247F9AE400CDFCA2 /* Release */ = {
			isa = XCBuildConfiguration;
			buildSettings = {
				ALWAYS_SEARCH_USER_PATHS = NO;
				CLANG_ANALYZER_NONNULL = YES;
				CLANG_ANALYZER_NUMBER_OBJECT_CONVERSION = YES_AGGRESSIVE;
				CLANG_CXX_LANGUAGE_STANDARD = "gnu++14";
				CLANG_CXX_LIBRARY = "libc++";
				CLANG_ENABLE_MODULES = YES;
				CLANG_ENABLE_OBJC_ARC = YES;
				CLANG_ENABLE_OBJC_WEAK = YES;
				CLANG_WARN_BLOCK_CAPTURE_AUTORELEASING = YES;
				CLANG_WARN_BOOL_CONVERSION = YES;
				CLANG_WARN_COMMA = YES;
				CLANG_WARN_CONSTANT_CONVERSION = YES;
				CLANG_WARN_DEPRECATED_OBJC_IMPLEMENTATIONS = YES;
				CLANG_WARN_DIRECT_OBJC_ISA_USAGE = YES_ERROR;
				CLANG_WARN_DOCUMENTATION_COMMENTS = YES;
				CLANG_WARN_EMPTY_BODY = YES;
				CLANG_WARN_ENUM_CONVERSION = YES;
				CLANG_WARN_INFINITE_RECURSION = YES;
				CLANG_WARN_INT_CONVERSION = YES;
				CLANG_WARN_NON_LITERAL_NULL_CONVERSION = YES;
				CLANG_WARN_OBJC_IMPLICIT_RETAIN_SELF = YES;
				CLANG_WARN_OBJC_LITERAL_CONVERSION = YES;
				CLANG_WARN_OBJC_ROOT_CLASS = YES_ERROR;
				CLANG_WARN_RANGE_LOOP_ANALYSIS = YES;
				CLANG_WARN_STRICT_PROTOTYPES = YES;
				CLANG_WARN_SUSPICIOUS_MOVE = YES;
				CLANG_WARN_UNGUARDED_AVAILABILITY = YES_AGGRESSIVE;
				CLANG_WARN_UNREACHABLE_CODE = YES;
				CLANG_WARN__DUPLICATE_METHOD_MATCH = YES;
				COPY_PHASE_STRIP = NO;
				DEBUG_INFORMATION_FORMAT = "dwarf-with-dsym";
				ENABLE_NS_ASSERTIONS = NO;
				ENABLE_STRICT_OBJC_MSGSEND = YES;
				GCC_C_LANGUAGE_STANDARD = gnu11;
				GCC_NO_COMMON_BLOCKS = YES;
				GCC_WARN_64_TO_32_BIT_CONVERSION = YES;
				GCC_WARN_ABOUT_RETURN_TYPE = YES_ERROR;
				GCC_WARN_UNDECLARED_SELECTOR = YES;
				GCC_WARN_UNINITIALIZED_AUTOS = YES_AGGRESSIVE;
				GCC_WARN_UNUSED_FUNCTION = YES;
				GCC_WARN_UNUSED_VARIABLE = YES;
				IPHONEOS_DEPLOYMENT_TARGET = 13.4;
				MTL_ENABLE_DEBUG_INFO = NO;
				MTL_FAST_MATH = YES;
				SDKROOT = iphoneos;
				SWIFT_COMPILATION_MODE = wholemodule;
				SWIFT_OPTIMIZATION_LEVEL = "-O";
				VALIDATE_PRODUCT = YES;
			};
			name = Release;
		};
		887EDCD2247F9AE400CDFCA2 /* Debug */ = {
			isa = XCBuildConfiguration;
			buildSettings = {
				ASSETCATALOG_COMPILER_APPICON_NAME = AppIcon;
				CODE_SIGN_STYLE = Automatic;
				DEVELOPMENT_ASSET_PATHS = "\"Memorize/Preview Content\"";
				DEVELOPMENT_TEAM = 5BEQK45V59;
				ENABLE_PREVIEWS = YES;
				INFOPLIST_FILE = Memorize/Info.plist;
				LD_RUNPATH_SEARCH_PATHS = (
					"$(inherited)",
					"@executable_path/Frameworks",
				);
				PRODUCT_BUNDLE_IDENTIFIER = me.gulnaz.Memorize;
				PRODUCT_NAME = "$(TARGET_NAME)";
				SWIFT_VERSION = 5.0;
				TARGETED_DEVICE_FAMILY = "1,2";
			};
			name = Debug;
		};
		887EDCD3247F9AE400CDFCA2 /* Release */ = {
			isa = XCBuildConfiguration;
			buildSettings = {
				ASSETCATALOG_COMPILER_APPICON_NAME = AppIcon;
				CODE_SIGN_STYLE = Automatic;
				DEVELOPMENT_ASSET_PATHS = "\"Memorize/Preview Content\"";
				DEVELOPMENT_TEAM = 5BEQK45V59;
				ENABLE_PREVIEWS = YES;
				INFOPLIST_FILE = Memorize/Info.plist;
				LD_RUNPATH_SEARCH_PATHS = (
					"$(inherited)",
					"@executable_path/Frameworks",
				);
				PRODUCT_BUNDLE_IDENTIFIER = me.gulnaz.Memorize;
				PRODUCT_NAME = "$(TARGET_NAME)";
				SWIFT_VERSION = 5.0;
				TARGETED_DEVICE_FAMILY = "1,2";
			};
			name = Release;
		};
		887EDCD5247F9AE400CDFCA2 /* Debug */ = {
			isa = XCBuildConfiguration;
			buildSettings = {
				ALWAYS_EMBED_SWIFT_STANDARD_LIBRARIES = YES;
				BUNDLE_LOADER = "$(TEST_HOST)";
				CODE_SIGN_STYLE = Automatic;
				DEVELOPMENT_TEAM = 5BEQK45V59;
				INFOPLIST_FILE = MemorizeTests/Info.plist;
				IPHONEOS_DEPLOYMENT_TARGET = 13.4;
				LD_RUNPATH_SEARCH_PATHS = (
					"$(inherited)",
					"@executable_path/Frameworks",
					"@loader_path/Frameworks",
				);
				PRODUCT_BUNDLE_IDENTIFIER = me.gulnaz.MemorizeTests;
				PRODUCT_NAME = "$(TARGET_NAME)";
				SWIFT_VERSION = 5.0;
				TARGETED_DEVICE_FAMILY = "1,2";
				TEST_HOST = "$(BUILT_PRODUCTS_DIR)/Memorize.app/Memorize";
			};
			name = Debug;
		};
		887EDCD6247F9AE400CDFCA2 /* Release */ = {
			isa = XCBuildConfiguration;
			buildSettings = {
				ALWAYS_EMBED_SWIFT_STANDARD_LIBRARIES = YES;
				BUNDLE_LOADER = "$(TEST_HOST)";
				CODE_SIGN_STYLE = Automatic;
				DEVELOPMENT_TEAM = 5BEQK45V59;
				INFOPLIST_FILE = MemorizeTests/Info.plist;
				IPHONEOS_DEPLOYMENT_TARGET = 13.4;
				LD_RUNPATH_SEARCH_PATHS = (
					"$(inherited)",
					"@executable_path/Frameworks",
					"@loader_path/Frameworks",
				);
				PRODUCT_BUNDLE_IDENTIFIER = me.gulnaz.MemorizeTests;
				PRODUCT_NAME = "$(TARGET_NAME)";
				SWIFT_VERSION = 5.0;
				TARGETED_DEVICE_FAMILY = "1,2";
				TEST_HOST = "$(BUILT_PRODUCTS_DIR)/Memorize.app/Memorize";
			};
			name = Release;
		};
/* End XCBuildConfiguration section */

/* Begin XCConfigurationList section */
		887EDCAD247F9AE100CDFCA2 /* Build configuration list for PBXProject "Memorize" */ = {
			isa = XCConfigurationList;
			buildConfigurations = (
				887EDCCF247F9AE400CDFCA2 /* Debug */,
				887EDCD0247F9AE400CDFCA2 /* Release */,
			);
			defaultConfigurationIsVisible = 0;
			defaultConfigurationName = Release;
		};
		887EDCD1247F9AE400CDFCA2 /* Build configuration list for PBXNativeTarget "Memorize" */ = {
			isa = XCConfigurationList;
			buildConfigurations = (
				887EDCD2247F9AE400CDFCA2 /* Debug */,
				887EDCD3247F9AE400CDFCA2 /* Release */,
			);
			defaultConfigurationIsVisible = 0;
			defaultConfigurationName = Release;
		};
		887EDCD4247F9AE400CDFCA2 /* Build configuration list for PBXNativeTarget "MemorizeTests" */ = {
			isa = XCConfigurationList;
			buildConfigurations = (
				887EDCD5247F9AE400CDFCA2 /* Debug */,
				887EDCD6247F9AE400CDFCA2 /* Release */,
			);
			defaultConfigurationIsVisible = 0;
			defaultConfigurationName = Release;
		};
/* End XCConfigurationList section */
	};
	rootObject = 887EDCAA247F9AE100CDFCA2 /* Project object */;
}
